{
    "name": "arcgis-usage-report",
    "version": "1.0.0",
    "lockfileVersion": 2,
    "requires": true,
    "packages": {
        "": {
            "name": "arcgis-usage-report",
            "version": "1.0.0",
            "license": "Apache 2.0",
            "dependencies": {
                "@esri/arcgis-rest-developer-credentials": "^4.10.1",
                "@esri/arcgis-rest-portal": "^4.10.1",
                "@esri/arcgis-rest-request": "^4.10.1",
                "dotenv": "^17.4.0",
                "yargs": "^18.0.0"
            }
        },
        "node_modules/@esri/arcgis-rest-developer-credentials": {
            "version": "4.10.1",
            "resolved": "https://registry.npmjs.org/@esri/arcgis-rest-developer-credentials/-/arcgis-rest-developer-credentials-4.10.1.tgz",
            "integrity": "sha512-KGYd2TJbXXddW14Lcr6TpD/9dBHO2wCybcCgCzjaYMCjqcRH4TA2uEdhPs4BWXzfClaJ8ely01+Hr52O7tVvdA==",
            "license": "Apache-2.0",
            "dependencies": {
                "@esri/arcgis-rest-portal": "^4.10.1",
                "@esri/arcgis-rest-request": "^4.10.1"
            },
            "engines": {
                "node": ">=12.20.0"
            }
        },
        "node_modules/@esri/arcgis-rest-fetch": {
            "version": "4.10.1",
            "resolved": "https://registry.npmjs.org/@esri/arcgis-rest-fetch/-/arcgis-rest-fetch-4.10.1.tgz",
            "integrity": "sha512-eJwDqOZoPIwhdGWw5lO/pGqJS0t1NnEE86UhBlXlflVh1cmcVJqdWGtAh6Lifb7YET9HtbJD368UtCAgk4TkCg==",
            "license": "Apache-2.0",
            "dependencies": {
                "node-fetch": "^3.2.10"
            }
        },
        "node_modules/@esri/arcgis-rest-form-data": {
            "version": "4.10.1",
            "resolved": "https://registry.npmjs.org/@esri/arcgis-rest-form-data/-/arcgis-rest-form-data-4.10.1.tgz",
            "integrity": "sha512-3u2zXNXl+vQ/gwvoeXXAFl8jxuxUA9jFKvjjjPD8JUr1V+9qlo3p5Jn1AAXNP0lU8ciA90B/IGBAZSzGyHWoIw==",
            "license": "Apache-2.0",
            "dependencies": {
                "formdata-node": "^4.1.0"
            }
        },
        "node_modules/@esri/arcgis-rest-portal": {
            "version": "4.10.1",
            "resolved": "https://registry.npmjs.org/@esri/arcgis-rest-portal/-/arcgis-rest-portal-4.10.1.tgz",
            "integrity": "sha512-khRllmQDCq6ISpqKnBEEMMxn/w3pOlne5z5tezRxc1zB+RVjOG8+KUR3MHKC6fsn5tO5M3Otn4umyPeON6MXhQ==",
            "license": "Apache-2.0",
            "dependencies": {
                "tslib": "^2.3.0"
            },
            "engines": {
                "node": ">=12.20.0"
            },
            "peerDependencies": {
                "@esri/arcgis-rest-request": "^4.0.0"
            }
        },
        "node_modules/@esri/arcgis-rest-request": {
            "version": "4.10.1",
            "resolved": "https://registry.npmjs.org/@esri/arcgis-rest-request/-/arcgis-rest-request-4.10.1.tgz",
            "integrity": "sha512-wn1N5y1vrn5ZDDotla5WqyqtSLYjKau1RJ+cFUpwoDcngadnzQKuS5q7IJ/2gP46QSovfemfMGL3sYFOSu9J+g==",
            "license": "Apache-2.0",
            "peer": true,
            "dependencies": {
                "@esri/arcgis-rest-fetch": "^4.10.1",
                "@esri/arcgis-rest-form-data": "^4.10.1",
                "mitt": "^3.0.0",
                "tslib": "^2.3.1"
            },
            "engines": {
                "node": ">=12.20.0"
            }
        },
        "node_modules/ansi-regex": {
            "version": "6.2.2",
            "resolved": "https://registry.npmjs.org/ansi-regex/-/ansi-regex-6.2.2.tgz",
            "integrity": "sha512-Bq3SmSpyFHaWjPk8If9yc6svM8c56dB5BAtW4Qbw5jHTwwXXcTLoRMkpDJp6VL0XzlWaCHTXrkFURMYmD0sLqg==",
            "license": "MIT",
            "engines": {
                "node": ">=12"
            },
            "funding": {
                "url": "https://github.com/chalk/ansi-regex?sponsor=1"
            }
        },
        "node_modules/ansi-styles": {
            "version": "6.2.3",
            "resolved": "https://registry.npmjs.org/ansi-styles/-/ansi-styles-6.2.3.tgz",
            "integrity": "sha512-4Dj6M28JB+oAH8kFkTLUo+a2jwOFkuqb3yucU0CANcRRUbxS0cP0nZYCGjcc3BNXwRIsUVmDGgzawme7zvJHvg==",
            "license": "MIT",
            "engines": {
                "node": ">=12"
            },
            "funding": {
                "url": "https://github.com/chalk/ansi-styles?sponsor=1"
            }
        },
        "node_modules/cliui": {
            "version": "9.0.1",
            "resolved": "https://registry.npmjs.org/cliui/-/cliui-9.0.1.tgz",
            "integrity": "sha512-k7ndgKhwoQveBL+/1tqGJYNz097I7WOvwbmmU2AR5+magtbjPWQTS1C5vzGkBC8Ym8UWRzfKUzUUqFLypY4Q+w==",
            "license": "ISC",
            "dependencies": {
                "string-width": "^7.2.0",
                "strip-ansi": "^7.1.0",
                "wrap-ansi": "^9.0.0"
            },
            "engines": {
                "node": ">=20"
            }
        },
        "node_modules/data-uri-to-buffer": {
            "version": "4.0.1",
            "resolved": "https://registry.npmjs.org/data-uri-to-buffer/-/data-uri-to-buffer-4.0.1.tgz",
            "integrity": "sha512-0R9ikRb668HB7QDxT1vkpuUBtqc53YyAwMwGeUFKRojY/NWKvdZ+9UYtRfGmhqNbRkTSVpMbmyhXipFFv2cb/A==",
            "license": "MIT",
            "engines": {
                "node": ">= 12"
            }
        },
        "node_modules/dotenv": {
            "version": "17.4.0",
            "resolved": "https://registry.npmjs.org/dotenv/-/dotenv-17.4.0.tgz",
            "integrity": "sha512-kCKF62fwtzwYm0IGBNjRUjtJgMfGapII+FslMHIjMR5KTnwEmBmWLDRSnc3XSNP8bNy34tekgQyDT0hr7pERRQ==",
            "license": "BSD-2-Clause",
            "engines": {
                "node": ">=12"
            },
            "funding": {
                "url": "https://dotenvx.com"
            }
        },
        "node_modules/emoji-regex": {
            "version": "10.6.0",
            "resolved": "https://registry.npmjs.org/emoji-regex/-/emoji-regex-10.6.0.tgz",
            "integrity": "sha512-toUI84YS5YmxW219erniWD0CIVOo46xGKColeNQRgOzDorgBi1v4D71/OFzgD9GO2UGKIv1C3Sp8DAn0+j5w7A==",
            "license": "MIT"
        },
        "node_modules/escalade": {
            "version": "3.1.1",
            "resolved": "https://registry.npmjs.org/escalade/-/escalade-3.1.1.tgz",
            "integrity": "sha512-k0er2gUkLf8O0zKJiAhmkTnJlTvINGv7ygDNPbeIsX/TJjGJZHuh9B2UxbsaEkmlEo9MfhrSzmhIlhRlI2GXnw==",
            "engines": {
                "node": ">=6"
            }
        },
        "node_modules/fetch-blob": {
            "version": "3.2.0",
            "resolved": "https://registry.npmjs.org/fetch-blob/-/fetch-blob-3.2.0.tgz",
            "integrity": "sha512-7yAQpD2UMJzLi1Dqv7qFYnPbaPx7ZfFK6PiIxQ4PfkGPyNyl2Ugx+a/umUonmKqjhM4DnfbMvdX6otXq83soQQ==",
            "funding": [
                {
                    "type": "github",
                    "url": "https://github.com/sponsors/jimmywarting"
                },
                {
                    "type": "paypal",
                    "url": "https://paypal.me/jimmywarting"
                }
            ],
            "license": "MIT",
            "dependencies": {
                "node-domexception": "^1.0.0",
                "web-streams-polyfill": "^3.0.3"
            },
            "engines": {
                "node": "^12.20 || >= 14.13"
            }
        },
        "node_modules/fetch-blob/node_modules/web-streams-polyfill": {
            "version": "3.3.3",
            "resolved": "https://registry.npmjs.org/web-streams-polyfill/-/web-streams-polyfill-3.3.3.tgz",
            "integrity": "sha512-d2JWLCivmZYTSIoge9MsgFCZrt571BikcWGYkjC1khllbTeDlGqZ2D8vD8E/lJa8WGWbb7Plm8/XJYV7IJHZZw==",
            "license": "MIT",
            "engines": {
                "node": ">= 8"
            }
        },
        "node_modules/formdata-node": {
            "version": "4.4.1",
            "resolved": "https://registry.npmjs.org/formdata-node/-/formdata-node-4.4.1.tgz",
            "integrity": "sha512-0iirZp3uVDjVGt9p49aTaqjk84TrglENEDuqfdlZQ1roC9CWlPk6Avf8EEnZNcAqPonwkG35x4n3ww/1THYAeQ==",
            "license": "MIT",
            "dependencies": {
                "node-domexception": "1.0.0",
                "web-streams-polyfill": "4.0.0-beta.3"
            },
            "engines": {
                "node": ">= 12.20"
            }
        },
        "node_modules/formdata-polyfill": {
            "version": "4.0.10",
            "resolved": "https://registry.npmjs.org/formdata-polyfill/-/formdata-polyfill-4.0.10.tgz",
            "integrity": "sha512-buewHzMvYL29jdeQTVILecSaZKnt/RJWjoZCF5OW60Z67/GmSLBkOFM7qh1PI3zFNtJbaZL5eQu1vLfazOwj4g==",
            "license": "MIT",
            "dependencies": {
                "fetch-blob": "^3.1.2"
            },
            "engines": {
                "node": ">=12.20.0"
            }
        },
        "node_modules/get-caller-file": {
            "version": "2.0.5",
            "resolved": "https://registry.npmjs.org/get-caller-file/-/get-caller-file-2.0.5.tgz",
            "integrity": "sha512-DyFP3BM/3YHTQOCUL/w0OZHR0lpKeGrxotcHWcqNEdnltqFwXVfhEBQ94eIo34AfQpo0rGki4cyIiftY06h2Fg==",
            "engines": {
                "node": "6.* || 8.* || >= 10.*"
            }
        },
        "node_modules/get-east-asian-width": {
            "version": "1.5.0",
            "resolved": "https://registry.npmjs.org/get-east-asian-width/-/get-east-asian-width-1.5.0.tgz",
            "integrity": "sha512-CQ+bEO+Tva/qlmw24dCejulK5pMzVnUOFOijVogd3KQs07HnRIgp8TGipvCCRT06xeYEbpbgwaCxglFyiuIcmA==",
            "license": "MIT",
            "engines": {
                "node": ">=18"
            },
            "funding": {
                "url": "https://github.com/sponsors/sindresorhus"
            }
        },
        "node_modules/mitt": {
            "version": "3.0.1",
            "resolved": "https://registry.npmjs.org/mitt/-/mitt-3.0.1.tgz",
            "integrity": "sha512-vKivATfr97l2/QBCYAkXYDbrIWPM2IIKEl7YPhjCvKlG3kE2gm+uBo6nEXK3M5/Ffh/FLpKExzOQ3JJoJGFKBw==",
            "license": "MIT"
        },
        "node_modules/node-domexception": {
            "version": "1.0.0",
            "resolved": "https://registry.npmjs.org/node-domexception/-/node-domexception-1.0.0.tgz",
            "integrity": "sha512-/jKZoMpw0F8GRwl4/eLROPA3cfcXtLApP0QzLmUT/HuPCZWyB7IY9ZrMeKw2O/nFIqPQB3PVM9aYm0F312AXDQ==",
            "deprecated": "Use your platform's native DOMException instead",
            "funding": [
                {
                    "type": "github",
                    "url": "https://github.com/sponsors/jimmywarting"
                },
                {
                    "type": "github",
                    "url": "https://paypal.me/jimmywarting"
                }
            ],
            "license": "MIT",
            "engines": {
                "node": ">=10.5.0"
            }
        },
        "node_modules/node-fetch": {
            "version": "3.3.2",
            "resolved": "https://registry.npmjs.org/node-fetch/-/node-fetch-3.3.2.tgz",
            "integrity": "sha512-dRB78srN/l6gqWulah9SrxeYnxeddIG30+GOqK/9OlLVyLg3HPnr6SqOWTWOXKRwC2eGYCkZ59NNuSgvSrpgOA==",
            "license": "MIT",
            "dependencies": {
                "data-uri-to-buffer": "^4.0.0",
                "fetch-blob": "^3.1.4",
                "formdata-polyfill": "^4.0.10"
            },
            "engines": {
                "node": "^12.20.0 || ^14.13.1 || >=16.0.0"
            },
            "funding": {
                "type": "opencollective",
                "url": "https://opencollective.com/node-fetch"
            }
        },
        "node_modules/string-width": {
            "version": "7.2.0",
            "resolved": "https://registry.npmjs.org/string-width/-/string-width-7.2.0.tgz",
            "integrity": "sha512-tsaTIkKW9b4N+AEj+SVA+WhJzV7/zMhcSu78mLKWSk7cXMOSHsBKFWUs0fWwq8QyK3MgJBQRX6Gbi4kYbdvGkQ==",
            "license": "MIT",
            "dependencies": {
                "emoji-regex": "^10.3.0",
                "get-east-asian-width": "^1.0.0",
                "strip-ansi": "^7.1.0"
            },
            "engines": {
                "node": ">=18"
            },
            "funding": {
                "url": "https://github.com/sponsors/sindresorhus"
            }
        },
        "node_modules/strip-ansi": {
            "version": "7.2.0",
            "resolved": "https://registry.npmjs.org/strip-ansi/-/strip-ansi-7.2.0.tgz",
            "integrity": "sha512-yDPMNjp4WyfYBkHnjIRLfca1i6KMyGCtsVgoKe/z1+6vukgaENdgGBZt+ZmKPc4gavvEZ5OgHfHdrazhgNyG7w==",
            "license": "MIT",
            "dependencies": {
                "ansi-regex": "^6.2.2"
            },
            "engines": {
                "node": ">=12"
            },
            "funding": {
                "url": "https://github.com/chalk/strip-ansi?sponsor=1"
            }
        },
        "node_modules/tslib": {
            "version": "2.4.0",
            "resolved": "https://registry.npmjs.org/tslib/-/tslib-2.4.0.tgz",
            "integrity": "sha512-d6xOpEDfsi2CZVlPQzGeux8XMwLT9hssAsaPYExaQMuYskwb+x1x7J371tWlbBdWHroy99KnVB6qIkUbs5X3UQ=="
        },
        "node_modules/web-streams-polyfill": {
            "version": "4.0.0-beta.3",
            "resolved": "https://registry.npmjs.org/web-streams-polyfill/-/web-streams-polyfill-4.0.0-beta.3.tgz",
            "integrity": "sha512-QW95TCTaHmsYfHDybGMwO5IJIM93I/6vTRk+daHTWFPhwh+C8Cg7j7XyKrwrj8Ib6vYXe0ocYNrmzY4xAAN6ug==",
            "license": "MIT",
            "engines": {
                "node": ">= 14"
            }
        },
        "node_modules/wrap-ansi": {
            "version": "9.0.2",
            "resolved": "https://registry.npmjs.org/wrap-ansi/-/wrap-ansi-9.0.2.tgz",
            "integrity": "sha512-42AtmgqjV+X1VpdOfyTGOYRi0/zsoLqtXQckTmqTeybT+BDIbM/Guxo7x3pE2vtpr1ok6xRqM9OpBe+Jyoqyww==",
            "license": "MIT",
            "dependencies": {
                "ansi-styles": "^6.2.1",
                "string-width": "^7.0.0",
                "strip-ansi": "^7.1.0"
            },
            "engines": {
                "node": ">=18"
            },
            "funding": {
                "url": "https://github.com/chalk/wrap-ansi?sponsor=1"
            }
        },
        "node_modules/y18n": {
            "version": "5.0.8",
            "resolved": "https://registry.npmjs.org/y18n/-/y18n-5.0.8.tgz",
            "integrity": "sha512-0pfFzegeDWJHJIAmTLRP2DwHjdF5s7jo9tuztdQxAhINCdvS+3nGINqPd00AphqJR/0LhANUS6/+7SCb98YOfA==",
            "engines": {
                "node": ">=10"
            }
        },
        "node_modules/yargs": {
            "version": "18.0.0",
            "resolved": "https://registry.npmjs.org/yargs/-/yargs-18.0.0.tgz",
            "integrity": "sha512-4UEqdc2RYGHZc7Doyqkrqiln3p9X2DZVxaGbwhn2pi7MrRagKaOcIKe8L3OxYcbhXLgLFUS3zAYuQjKBQgmuNg==",
            "license": "MIT",
            "dependencies": {
                "cliui": "^9.0.1",
                "escalade": "^3.1.1",
                "get-caller-file": "^2.0.5",
                "string-width": "^7.2.0",
                "y18n": "^5.0.5",
                "yargs-parser": "^22.0.0"
            },
            "engines": {
                "node": "^20.19.0 || ^22.12.0 || >=23"
            }
        },
        "node_modules/yargs-parser": {
            "version": "22.0.0",
            "resolved": "https://registry.npmjs.org/yargs-parser/-/yargs-parser-22.0.0.tgz",
            "integrity": "sha512-rwu/ClNdSMpkSrUb+d6BRsSkLUq1fmfsY6TOpYzTwvwkg1/NRG85KBy3kq++A8LKQwX6lsu+aWad+2khvuXrqw==",
            "license": "ISC",
            "engines": {
                "node": "^20.19.0 || ^22.12.0 || >=23"
            }
        }
    },
    "dependencies": {
        "@esri/arcgis-rest-developer-credentials": {
            "version": "4.10.1",
            "resolved": "https://registry.npmjs.org/@esri/arcgis-rest-developer-credentials/-/arcgis-rest-developer-credentials-4.10.1.tgz",
            "integrity": "sha512-KGYd2TJbXXddW14Lcr6TpD/9dBHO2wCybcCgCzjaYMCjqcRH4TA2uEdhPs4BWXzfClaJ8ely01+Hr52O7tVvdA==",
            "requires": {
                "@esri/arcgis-rest-portal": "^4.10.1",
                "@esri/arcgis-rest-request": "^4.10.1"
            }
        },
        "@esri/arcgis-rest-fetch": {
            "version": "4.10.1",
            "resolved": "https://registry.npmjs.org/@esri/arcgis-rest-fetch/-/arcgis-rest-fetch-4.10.1.tgz",
            "integrity": "sha512-eJwDqOZoPIwhdGWw5lO/pGqJS0t1NnEE86UhBlXlflVh1cmcVJqdWGtAh6Lifb7YET9HtbJD368UtCAgk4TkCg==",
            "requires": {
                "node-fetch": "^3.2.10"
            }
        },
        "@esri/arcgis-rest-form-data": {
            "version": "4.10.1",
            "resolved": "https://registry.npmjs.org/@esri/arcgis-rest-form-data/-/arcgis-rest-form-data-4.10.1.tgz",
            "integrity": "sha512-3u2zXNXl+vQ/gwvoeXXAFl8jxuxUA9jFKvjjjPD8JUr1V+9qlo3p5Jn1AAXNP0lU8ciA90B/IGBAZSzGyHWoIw==",
            "requires": {
                "formdata-node": "^4.1.0"
            }
        },
        "@esri/arcgis-rest-portal": {
            "version": "4.10.1",
            "resolved": "https://registry.npmjs.org/@esri/arcgis-rest-portal/-/arcgis-rest-portal-4.10.1.tgz",
            "integrity": "sha512-khRllmQDCq6ISpqKnBEEMMxn/w3pOlne5z5tezRxc1zB+RVjOG8+KUR3MHKC6fsn5tO5M3Otn4umyPeON6MXhQ==",
            "requires": {
                "tslib": "^2.3.0"
            }
        },
        "@esri/arcgis-rest-request": {
            "version": "4.10.1",
            "resolved": "https://registry.npmjs.org/@esri/arcgis-rest-request/-/arcgis-rest-request-4.10.1.tgz",
            "integrity": "sha512-wn1N5y1vrn5ZDDotla5WqyqtSLYjKau1RJ+cFUpwoDcngadnzQKuS5q7IJ/2gP46QSovfemfMGL3sYFOSu9J+g==",
            "peer": true,
            "requires": {
                "@esri/arcgis-rest-fetch": "^4.10.1",
                "@esri/arcgis-rest-form-data": "^4.10.1",
                "mitt": "^3.0.0",
                "tslib": "^2.3.1"
            }
        },
        "ansi-regex": {
            "version": "6.2.2",
            "resolved": "https://registry.npmjs.org/ansi-regex/-/ansi-regex-6.2.2.tgz",
            "integrity": "sha512-Bq3SmSpyFHaWjPk8If9yc6svM8c56dB5BAtW4Qbw5jHTwwXXcTLoRMkpDJp6VL0XzlWaCHTXrkFURMYmD0sLqg=="
        },
        "ansi-styles": {
            "version": "6.2.3",
            "resolved": "https://registry.npmjs.org/ansi-styles/-/ansi-styles-6.2.3.tgz",
            "integrity": "sha512-4Dj6M28JB+oAH8kFkTLUo+a2jwOFkuqb3yucU0CANcRRUbxS0cP0nZYCGjcc3BNXwRIsUVmDGgzawme7zvJHvg=="
        },
        "cliui": {
            "version": "9.0.1",
            "resolved": "https://registry.npmjs.org/cliui/-/cliui-9.0.1.tgz",
            "integrity": "sha512-k7ndgKhwoQveBL+/1tqGJYNz097I7WOvwbmmU2AR5+magtbjPWQTS1C5vzGkBC8Ym8UWRzfKUzUUqFLypY4Q+w==",
            "requires": {
                "string-width": "^7.2.0",
                "strip-ansi": "^7.1.0",
                "wrap-ansi": "^9.0.0"
            }
        },
        "data-uri-to-buffer": {
            "version": "4.0.1",
            "resolved": "https://registry.npmjs.org/data-uri-to-buffer/-/data-uri-to-buffer-4.0.1.tgz",
            "integrity": "sha512-0R9ikRb668HB7QDxT1vkpuUBtqc53YyAwMwGeUFKRojY/NWKvdZ+9UYtRfGmhqNbRkTSVpMbmyhXipFFv2cb/A=="
        },
        "dotenv": {
            "version": "17.4.0",
            "resolved": "https://registry.npmjs.org/dotenv/-/dotenv-17.4.0.tgz",
            "integrity": "sha512-kCKF62fwtzwYm0IGBNjRUjtJgMfGapII+FslMHIjMR5KTnwEmBmWLDRSnc3XSNP8bNy34tekgQyDT0hr7pERRQ=="
        },
        "emoji-regex": {
            "version": "10.6.0",
            "resolved": "https://registry.npmjs.org/emoji-regex/-/emoji-regex-10.6.0.tgz",
            "integrity": "sha512-toUI84YS5YmxW219erniWD0CIVOo46xGKColeNQRgOzDorgBi1v4D71/OFzgD9GO2UGKIv1C3Sp8DAn0+j5w7A=="
        },
        "escalade": {
            "version": "3.1.1",
            "resolved": "https://registry.npmjs.org/escalade/-/escalade-3.1.1.tgz",
            "integrity": "sha512-k0er2gUkLf8O0zKJiAhmkTnJlTvINGv7ygDNPbeIsX/TJjGJZHuh9B2UxbsaEkmlEo9MfhrSzmhIlhRlI2GXnw=="
        },
        "fetch-blob": {
            "version": "3.2.0",
            "resolved": "https://registry.npmjs.org/fetch-blob/-/fetch-blob-3.2.0.tgz",
            "integrity": "sha512-7yAQpD2UMJzLi1Dqv7qFYnPbaPx7ZfFK6PiIxQ4PfkGPyNyl2Ugx+a/umUonmKqjhM4DnfbMvdX6otXq83soQQ==",
            "requires": {
                "node-domexception": "^1.0.0",
                "web-streams-polyfill": "^3.0.3"
            },
            "dependencies": {
                "web-streams-polyfill": {
                    "version": "3.3.3",
                    "resolved": "https://registry.npmjs.org/web-streams-polyfill/-/web-streams-polyfill-3.3.3.tgz",
                    "integrity": "sha512-d2JWLCivmZYTSIoge9MsgFCZrt571BikcWGYkjC1khllbTeDlGqZ2D8vD8E/lJa8WGWbb7Plm8/XJYV7IJHZZw=="
                }
            }
        },
        "formdata-node": {
            "version": "4.4.1",
            "resolved": "https://registry.npmjs.org/formdata-node/-/formdata-node-4.4.1.tgz",
            "integrity": "sha512-0iirZp3uVDjVGt9p49aTaqjk84TrglENEDuqfdlZQ1roC9CWlPk6Avf8EEnZNcAqPonwkG35x4n3ww/1THYAeQ==",
            "requires": {
                "node-domexception": "1.0.0",
                "web-streams-polyfill": "4.0.0-beta.3"
            }
        },
        "formdata-polyfill": {
            "version": "4.0.10",
            "resolved": "https://registry.npmjs.org/formdata-polyfill/-/formdata-polyfill-4.0.10.tgz",
            "integrity": "sha512-buewHzMvYL29jdeQTVILecSaZKnt/RJWjoZCF5OW60Z67/GmSLBkOFM7qh1PI3zFNtJbaZL5eQu1vLfazOwj4g==",
            "requires": {
                "fetch-blob": "^3.1.2"
            }
        },
        "get-caller-file": {
            "version": "2.0.5",
            "resolved": "https://registry.npmjs.org/get-caller-file/-/get-caller-file-2.0.5.tgz",
            "integrity": "sha512-DyFP3BM/3YHTQOCUL/w0OZHR0lpKeGrxotcHWcqNEdnltqFwXVfhEBQ94eIo34AfQpo0rGki4cyIiftY06h2Fg=="
        },
        "get-east-asian-width": {
            "version": "1.5.0",
            "resolved": "https://registry.npmjs.org/get-east-asian-width/-/get-east-asian-width-1.5.0.tgz",
            "integrity": "sha512-CQ+bEO+Tva/qlmw24dCejulK5pMzVnUOFOijVogd3KQs07HnRIgp8TGipvCCRT06xeYEbpbgwaCxglFyiuIcmA=="
        },
        "mitt": {
            "version": "3.0.1",
            "resolved": "https://registry.npmjs.org/mitt/-/mitt-3.0.1.tgz",
            "integrity": "sha512-vKivATfr97l2/QBCYAkXYDbrIWPM2IIKEl7YPhjCvKlG3kE2gm+uBo6nEXK3M5/Ffh/FLpKExzOQ3JJoJGFKBw=="
        },
        "node-domexception": {
            "version": "1.0.0",
            "resolved": "https://registry.npmjs.org/node-domexception/-/node-domexception-1.0.0.tgz",
            "integrity": "sha512-/jKZoMpw0F8GRwl4/eLROPA3cfcXtLApP0QzLmUT/HuPCZWyB7IY9ZrMeKw2O/nFIqPQB3PVM9aYm0F312AXDQ=="
        },
        "node-fetch": {
            "version": "3.3.2",
            "resolved": "https://registry.npmjs.org/node-fetch/-/node-fetch-3.3.2.tgz",
            "integrity": "sha512-dRB78srN/l6gqWulah9SrxeYnxeddIG30+GOqK/9OlLVyLg3HPnr6SqOWTWOXKRwC2eGYCkZ59NNuSgvSrpgOA==",
            "requires": {
                "data-uri-to-buffer": "^4.0.0",
                "fetch-blob": "^3.1.4",
                "formdata-polyfill": "^4.0.10"
            }
        },
        "string-width": {
            "version": "7.2.0",
            "resolved": "https://registry.npmjs.org/string-width/-/string-width-7.2.0.tgz",
            "integrity": "sha512-tsaTIkKW9b4N+AEj+SVA+WhJzV7/zMhcSu78mLKWSk7cXMOSHsBKFWUs0fWwq8QyK3MgJBQRX6Gbi4kYbdvGkQ==",
            "requires": {
                "emoji-regex": "^10.3.0",
                "get-east-asian-width": "^1.0.0",
                "strip-ansi": "^7.1.0"
            }
        },
        "strip-ansi": {
            "version": "7.2.0",
            "resolved": "https://registry.npmjs.org/strip-ansi/-/strip-ansi-7.2.0.tgz",
            "integrity": "sha512-yDPMNjp4WyfYBkHnjIRLfca1i6KMyGCtsVgoKe/z1+6vukgaENdgGBZt+ZmKPc4gavvEZ5OgHfHdrazhgNyG7w==",
            "requires": {
                "ansi-regex": "^6.2.2"
            }
        },
        "tslib": {
            "version": "2.4.0",
            "resolved": "https://registry.npmjs.org/tslib/-/tslib-2.4.0.tgz",
            "integrity": "sha512-d6xOpEDfsi2CZVlPQzGeux8XMwLT9hssAsaPYExaQMuYskwb+x1x7J371tWlbBdWHroy99KnVB6qIkUbs5X3UQ=="
        },
        "web-streams-polyfill": {
            "version": "4.0.0-beta.3",
            "resolved": "https://registry.npmjs.org/web-streams-polyfill/-/web-streams-polyfill-4.0.0-beta.3.tgz",
            "integrity": "sha512-QW95TCTaHmsYfHDybGMwO5IJIM93I/6vTRk+daHTWFPhwh+C8Cg7j7XyKrwrj8Ib6vYXe0ocYNrmzY4xAAN6ug=="
        },
        "wrap-ansi": {
            "version": "9.0.2",
            "resolved": "https://registry.npmjs.org/wrap-ansi/-/wrap-ansi-9.0.2.tgz",
            "integrity": "sha512-42AtmgqjV+X1VpdOfyTGOYRi0/zsoLqtXQckTmqTeybT+BDIbM/Guxo7x3pE2vtpr1ok6xRqM9OpBe+Jyoqyww==",
            "requires": {
                "ansi-styles": "^6.2.1",
                "string-width": "^7.0.0",
                "strip-ansi": "^7.1.0"
            }
        },
        "y18n": {
            "version": "5.0.8",
            "resolved": "https://registry.npmjs.org/y18n/-/y18n-5.0.8.tgz",
            "integrity": "sha512-0pfFzegeDWJHJIAmTLRP2DwHjdF5s7jo9tuztdQxAhINCdvS+3nGINqPd00AphqJR/0LhANUS6/+7SCb98YOfA=="
        },
        "yargs": {
            "version": "18.0.0",
            "resolved": "https://registry.npmjs.org/yargs/-/yargs-18.0.0.tgz",
            "integrity": "sha512-4UEqdc2RYGHZc7Doyqkrqiln3p9X2DZVxaGbwhn2pi7MrRagKaOcIKe8L3OxYcbhXLgLFUS3zAYuQjKBQgmuNg==",
            "requires": {
                "cliui": "^9.0.1",
                "escalade": "^3.1.1",
                "get-caller-file": "^2.0.5",
                "string-width": "^7.2.0",
                "y18n": "^5.0.5",
                "yargs-parser": "^22.0.0"
            }
        },
        "yargs-parser": {
            "version": "22.0.0",
            "resolved": "https://registry.npmjs.org/yargs-parser/-/yargs-parser-22.0.0.tgz",
            "integrity": "sha512-rwu/ClNdSMpkSrUb+d6BRsSkLUq1fmfsY6TOpYzTwvwkg1/NRG85KBy3kq++A8LKQwX6lsu+aWad+2khvuXrqw=="
        }
    }
}
